// !$*UTF8*$!
{
	archiveVersion = 1;
	classes = {
	};
	objectVersion = 46;
	objects = {

/* Begin PBXBuildFile section */
		2466027D1F8D5A68004D7021 /* ResourcePath.mm in Sources */ = {isa = PBXBuildFile; fileRef = 2466027C1F8D5A68004D7021 /* ResourcePath.mm */; };
		246602801F8D5A68004D7021 /* main.cpp in Sources */ = {isa = PBXBuildFile; fileRef = 2466027F1F8D5A68004D7021 /* main.cpp */; };
		246602871F8D5A68004D7021 /* sansation.ttf in Resources */ = {isa = PBXBuildFile; fileRef = 246602861F8D5A68004D7021 /* sansation.ttf */; };
		246602911F8D5D48004D7021 /* GameEngine.cpp in Sources */ = {isa = PBXBuildFile; fileRef = 2466028F1F8D5D48004D7021 /* GameEngine.cpp */; };
		246602941F8D5D5D004D7021 /* Player.cpp in Sources */ = {isa = PBXBuildFile; fileRef = 246602921F8D5D5D004D7021 /* Player.cpp */; };
		246602971F8D5D6B004D7021 /* Enemy.cpp in Sources */ = {isa = PBXBuildFile; fileRef = 246602951F8D5D6B004D7021 /* Enemy.cpp */; };
		2466029A1F8D5DA5004D7021 /* Spike.cpp in Sources */ = {isa = PBXBuildFile; fileRef = 246602981F8D5DA5004D7021 /* Spike.cpp */; };
		2466029D1F8D5DE8004D7021 /* Charm.cpp in Sources */ = {isa = PBXBuildFile; fileRef = 2466029B1F8D5DE8004D7021 /* Charm.cpp */; };
		246602A11F8D5E23004D7021 /* Menu.cpp in Sources */ = {isa = PBXBuildFile; fileRef = 2466029F1F8D5E23004D7021 /* Menu.cpp */; };
		246602A31F939BB4004D7021 /* enemy.png in Resources */ = {isa = PBXBuildFile; fileRef = 246602A21F939BB4004D7021 /* enemy.png */; };
		246602A51F939BC7004D7021 /* player.png in Resources */ = {isa = PBXBuildFile; fileRef = 246602A41F939BC7004D7021 /* player.png */; };
		246602A71F93A2AB004D7021 /* enemy2.png in Resources */ = {isa = PBXBuildFile; fileRef = 246602A61F93A2AB004D7021 /* enemy2.png */; };
		246602A91F93A2B5004D7021 /* player2.png in Resources */ = {isa = PBXBuildFile; fileRef = 246602A81F93A2B5004D7021 /* player2.png */; };
		246602AB1F93A2C0004D7021 /* charm.png in Resources */ = {isa = PBXBuildFile; fileRef = 246602AA1F93A2C0004D7021 /* charm.png */; };
/* End PBXBuildFile section */

/* Begin PBXFileReference section */
		246602771F8D5A68004D7021 /* Charm-them-all.app */ = {isa = PBXFileReference; explicitFileType = wrapper.application; includeInIndex = 0; path = "Charm-them-all.app"; sourceTree = BUILT_PRODUCTS_DIR; };
		2466027B1F8D5A68004D7021 /* Charm-them-all-Info.plist */ = {isa = PBXFileReference; lastKnownFileType = text.plist.xml; path = "Charm-them-all-Info.plist"; sourceTree = "<group>"; };
		2466027C1F8D5A68004D7021 /* ResourcePath.mm */ = {isa = PBXFileReference; lastKnownFileType = sourcecode.cpp.objcpp; path = ResourcePath.mm; sourceTree = "<group>"; };
		2466027E1F8D5A68004D7021 /* ResourcePath.hpp */ = {isa = PBXFileReference; lastKnownFileType = sourcecode.cpp.h; path = ResourcePath.hpp; sourceTree = "<group>"; };
		2466027F1F8D5A68004D7021 /* main.cpp */ = {isa = PBXFileReference; lastKnownFileType = sourcecode.cpp.cpp; path = main.cpp; sourceTree = "<group>"; };
		246602861F8D5A68004D7021 /* sansation.ttf */ = {isa = PBXFileReference; lastKnownFileType = file; path = sansation.ttf; sourceTree = "<group>"; };
		2466028F1F8D5D48004D7021 /* GameEngine.cpp */ = {isa = PBXFileReference; fileEncoding = 4; lastKnownFileType = sourcecode.cpp.cpp; path = GameEngine.cpp; sourceTree = "<group>"; };
		246602901F8D5D48004D7021 /* GameEngine.hpp */ = {isa = PBXFileReference; fileEncoding = 4; lastKnownFileType = sourcecode.cpp.h; path = GameEngine.hpp; sourceTree = "<group>"; };
		246602921F8D5D5D004D7021 /* Player.cpp */ = {isa = PBXFileReference; fileEncoding = 4; lastKnownFileType = sourcecode.cpp.cpp; path = Player.cpp; sourceTree = "<group>"; };
		246602931F8D5D5D004D7021 /* Player.hpp */ = {isa = PBXFileReference; fileEncoding = 4; lastKnownFileType = sourcecode.cpp.h; path = Player.hpp; sourceTree = "<group>"; };
		246602951F8D5D6B004D7021 /* Enemy.cpp */ = {isa = PBXFileReference; fileEncoding = 4; lastKnownFileType = sourcecode.cpp.cpp; path = Enemy.cpp; sourceTree = "<group>"; };
		246602961F8D5D6B004D7021 /* Enemy.hpp */ = {isa = PBXFileReference; fileEncoding = 4; lastKnownFileType = sourcecode.cpp.h; path = Enemy.hpp; sourceTree = "<group>"; };
		246602981F8D5DA5004D7021 /* Spike.cpp */ = {isa = PBXFileReference; fileEncoding = 4; lastKnownFileType = sourcecode.cpp.cpp; path = Spike.cpp; sourceTree = "<group>"; };
		246602991F8D5DA5004D7021 /* Spike.hpp */ = {isa = PBXFileReference; fileEncoding = 4; lastKnownFileType = sourcecode.cpp.h; path = Spike.hpp; sourceTree = "<group>"; };
		2466029B1F8D5DE8004D7021 /* Charm.cpp */ = {isa = PBXFileReference; fileEncoding = 4; lastKnownFileType = sourcecode.cpp.cpp; path = Charm.cpp; sourceTree = "<group>"; };
		2466029C1F8D5DE8004D7021 /* Charm.hpp */ = {isa = PBXFileReference; fileEncoding = 4; lastKnownFileType = sourcecode.cpp.h; path = Charm.hpp; sourceTree = "<group>"; };
		2466029E1F8D5E08004D7021 /* Settings.h */ = {isa = PBXFileReference; lastKnownFileType = sourcecode.c.h; path = Settings.h; sourceTree = "<group>"; };
		2466029F1F8D5E23004D7021 /* Menu.cpp */ = {isa = PBXFileReference; fileEncoding = 4; lastKnownFileType = sourcecode.cpp.cpp; path = Menu.cpp; sourceTree = "<group>"; };
		246602A01F8D5E23004D7021 /* Menu.hpp */ = {isa = PBXFileReference; fileEncoding = 4; lastKnownFileType = sourcecode.cpp.h; path = Menu.hpp; sourceTree = "<group>"; };
		246602A21F939BB4004D7021 /* enemy.png */ = {isa = PBXFileReference; lastKnownFileType = image.png; path = enemy.png; sourceTree = "<group>"; };
		246602A41F939BC7004D7021 /* player.png */ = {isa = PBXFileReference; lastKnownFileType = image.png; path = player.png; sourceTree = "<group>"; };
		246602A61F93A2AB004D7021 /* enemy2.png */ = {isa = PBXFileReference; lastKnownFileType = image.png; path = enemy2.png; sourceTree = "<group>"; };
		246602A81F93A2B5004D7021 /* player2.png */ = {isa = PBXFileReference; lastKnownFileType = image.png; path = player2.png; sourceTree = "<group>"; };
		246602AA1F93A2C0004D7021 /* charm.png */ = {isa = PBXFileReference; lastKnownFileType = image.png; path = charm.png; sourceTree = "<group>"; };
/* End PBXFileReference section */

/* Begin PBXFrameworksBuildPhase section */
		246602731F8D5A68004D7021 /* Frameworks */ = {
			isa = PBXFrameworksBuildPhase;
			buildActionMask = 2147483647;
			files = (
			);
			runOnlyForDeploymentPostprocessing = 0;
		};
/* End PBXFrameworksBuildPhase section */

/* Begin PBXGroup section */
		2466026D1F8D5A68004D7021 = {
			isa = PBXGroup;
			children = (
				246602791F8D5A68004D7021 /* Charm-them-all */,
				246602781F8D5A68004D7021 /* Products */,
			);
			sourceTree = "<group>";
		};
		246602781F8D5A68004D7021 /* Products */ = {
			isa = PBXGroup;
			children = (
				246602771F8D5A68004D7021 /* Charm-them-all.app */,
			);
			name = Products;
			sourceTree = "<group>";
		};
		246602791F8D5A68004D7021 /* Charm-them-all */ = {
			isa = PBXGroup;
			children = (
				2466027C1F8D5A68004D7021 /* ResourcePath.mm */,
				2466027E1F8D5A68004D7021 /* ResourcePath.hpp */,
				2466028F1F8D5D48004D7021 /* GameEngine.cpp */,
				246602901F8D5D48004D7021 /* GameEngine.hpp */,
				2466029F1F8D5E23004D7021 /* Menu.cpp */,
				246602A01F8D5E23004D7021 /* Menu.hpp */,
				246602921F8D5D5D004D7021 /* Player.cpp */,
				246602931F8D5D5D004D7021 /* Player.hpp */,
				2466029B1F8D5DE8004D7021 /* Charm.cpp */,
				2466029C1F8D5DE8004D7021 /* Charm.hpp */,
				246602951F8D5D6B004D7021 /* Enemy.cpp */,
				246602961F8D5D6B004D7021 /* Enemy.hpp */,
				246602981F8D5DA5004D7021 /* Spike.cpp */,
				246602991F8D5DA5004D7021 /* Spike.hpp */,
				2466029E1F8D5E08004D7021 /* Settings.h */,
				2466027F1F8D5A68004D7021 /* main.cpp */,
				246602811F8D5A68004D7021 /* Resources */,
				2466027A1F8D5A68004D7021 /* Supporting Files */,
			);
			path = "Charm-them-all";
			sourceTree = "<group>";
		};
		2466027A1F8D5A68004D7021 /* Supporting Files */ = {
			isa = PBXGroup;
			children = (
				2466027B1F8D5A68004D7021 /* Charm-them-all-Info.plist */,
			);
			name = "Supporting Files";
			sourceTree = "<group>";
		};
		246602811F8D5A68004D7021 /* Resources */ = {
			isa = PBXGroup;
			children = (
				246602A81F93A2B5004D7021 /* player2.png */,
				246602A61F93A2AB004D7021 /* enemy2.png */,
				246602AA1F93A2C0004D7021 /* charm.png */,
				246602A41F939BC7004D7021 /* player.png */,
				246602A21F939BB4004D7021 /* enemy.png */,
				246602861F8D5A68004D7021 /* sansation.ttf */,
			);
			name = Resources;
			sourceTree = "<group>";
		};
/* End PBXGroup section */

/* Begin PBXNativeTarget section */
		246602761F8D5A68004D7021 /* Charm-them-all */ = {
			isa = PBXNativeTarget;
			buildConfigurationList = 2466028C1F8D5A68004D7021 /* Build configuration list for PBXNativeTarget "Charm-them-all" */;
			buildPhases = (
				246602721F8D5A68004D7021 /* Sources */,
				246602731F8D5A68004D7021 /* Frameworks */,
				246602741F8D5A68004D7021 /* Resources */,
				246602751F8D5A68004D7021 /* ShellScript */,
			);
			buildRules = (
			);
			dependencies = (
			);
			name = "Charm-them-all";
			productName = "Charm-them-all";
			productReference = 246602771F8D5A68004D7021 /* Charm-them-all.app */;
			productType = "com.apple.product-type.application";
		};
/* End PBXNativeTarget section */

/* Begin PBXProject section */
		2466026E1F8D5A68004D7021 /* Project object */ = {
			isa = PBXProject;
			attributes = {
				LastUpgradeCheck = 0720;
				ORGANIZATIONNAME = "Piotrek Kiełek";
				TargetAttributes = {
					246602761F8D5A68004D7021 = {
						CreatedOnToolsVersion = 7.2;
					};
				};
			};
			buildConfigurationList = 246602711F8D5A68004D7021 /* Build configuration list for PBXProject "Charm-them-all" */;
			compatibilityVersion = "Xcode 3.2";
			developmentRegion = English;
			hasScannedForEncodings = 0;
			knownRegions = (
				en,
			);
			mainGroup = 2466026D1F8D5A68004D7021;
			productRefGroup = 246602781F8D5A68004D7021 /* Products */;
			projectDirPath = "";
			projectRoot = "";
			targets = (
				246602761F8D5A68004D7021 /* Charm-them-all */,
			);
		};
/* End PBXProject section */

/* Begin PBXResourcesBuildPhase section */
		246602741F8D5A68004D7021 /* Resources */ = {
			isa = PBXResourcesBuildPhase;
			buildActionMask = 2147483647;
			files = (
				246602A31F939BB4004D7021 /* enemy.png in Resources */,
				246602A71F93A2AB004D7021 /* enemy2.png in Resources */,
				246602A91F93A2B5004D7021 /* player2.png in Resources */,
				246602AB1F93A2C0004D7021 /* charm.png in Resources */,
				246602871F8D5A68004D7021 /* sansation.ttf in Resources */,
				246602A51F939BC7004D7021 /* player.png in Resources */,
			);
			runOnlyForDeploymentPostprocessing = 0;
		};
/* End PBXResourcesBuildPhase section */

/* Begin PBXShellScriptBuildPhase section */
		246602751F8D5A68004D7021 /* ShellScript */ = {
			isa = PBXShellScriptBuildPhase;
			buildActionMask = 2147483647;
			files = (
			);
			inputPaths = (
			);
			outputPaths = (
			);
			runOnlyForDeploymentPostprocessing = 0;
			shellPath = /bin/sh;
			shellScript = "# This shell script simply copies required SFML dylibs/frameworks into the application bundle frameworks folder.\n# If you're using static libraries (which is not recommended) you should remove this script from your project.\n\n# SETTINGS\nCMAKE_INSTALL_FRAMEWORK_PREFIX=\"/Library/Frameworks\"\nCMAKE_INSTALL_LIB_PREFIX=\"/usr/local/lib\"\nFRAMEWORKS_FULL_PATH=\"$BUILT_PRODUCTS_DIR/$FRAMEWORKS_FOLDER_PATH/\"\n\n# Are we building a project that uses frameworks or dylibs?\ncase \"$SFML_BINARY_TYPE\" in\n    DYLIBS)\n        frameworks=\"false\"\n        ;;\n    *)\n        frameworks=\"true\"\n        ;;\nesac\n\n# Echoes to stderr\nerror () # $* message to display\n{\n    echo $* 1>&2\n    exit 2\n}\n\nassert () # $1 is a boolean, $2...N is an error message\n{\n    if [ $# -lt 2 ]\n    then\n        error \"Internal error in assert: not enough args\"\n    fi\n\n    if [ $1 -ne 0 ]\n    then\n        shift\n        error \"$*\"\n    fi\n}\n\nforce_remove () # $@ is some paths\n{\n    test $# -ge 1\n    assert $? \"force_remove() requires at least one parameter\"\n    rm -fr $@\n    assert $? \"couldn't remove $@\"\n}\n\ncopy () # $1 is a source, $2 is a destination\n{\n    test $# -eq 2\n    assert $? \"copy() requires two parameters\"\n    ditto \"$1\" \"$2\"\n    assert $? \"couldn't copy $1 to $2\"\n}\n\nrequire () # $1 is a SFML module like 'system' or 'audio'\n{\n    dest=\"$BUILT_PRODUCTS_DIR/$FRAMEWORKS_FOLDER_PATH/\"\n\n    if [ -z \"$1\" ]\n    then\n        error \"require() requires one parameter!\"\n    else\n        # clean potentially old stuff\n        force_remove \"$dest/libsfml-$1\"*\n        force_remove \"$dest/sfml-$1.framework\"\n\n        # copy SFML libraries\n        if [ \"$frameworks\" = \"true\" ]\n        then\n            source=\"$CMAKE_INSTALL_FRAMEWORK_PREFIX/sfml-$1.framework\"\n            target=\"sfml-$1.framework\"\n        elif [ \"$SFML_LINK_DYLIBS_SUFFIX\" = \"-d\" ]\n        then\n            source=\"$CMAKE_INSTALL_LIB_PREFIX/libsfml-$1-d.dylib\"\n            target=\"`readlink $source`\"\n        else\n            source=\"$CMAKE_INSTALL_LIB_PREFIX/libsfml-$1.dylib\"\n            target=\"`readlink $source`\"\n        fi\n\n        copy \"$source\" \"$dest/$target\"\n\n        # copy extra dependencies\n        if [ \"$1\" = \"audio\" ]\n        then\n            # copy \"FLAC\" \"ogg\" \"vorbis\" \"vorbisenc\" \"vorbisfile\" \"OpenAL\" frameworks too\n            for f in \"FLAC\" \"ogg\" \"vorbis\" \"vorbisenc\" \"vorbisfile\" \"OpenAL\"\n            do\n                copy \"$CMAKE_INSTALL_FRAMEWORK_PREFIX/$f.framework\" \"$dest/$f.framework\"\n            done\n        elif [ \"$1\" = \"graphics\" ]\n        then\n            copy \"$CMAKE_INSTALL_FRAMEWORK_PREFIX/freetype.framework\" \"$dest/freetype.framework\"\n        fi\n    fi\n}\n\nif [ -n \"$SFML_SYSTEM\" ]\nthen\n    require \"system\"\nfi\n\nif [ -n \"$SFML_AUDIO\" ]\nthen\n    require \"audio\"\nfi\n\nif [ -n \"$SFML_NETWORK\" ]\nthen\n    require \"network\"\nfi\n\nif [ -n \"$SFML_WINDOW\" ]\nthen\n    require \"window\"\nfi\n\nif [ -n \"$SFML_GRAPHICS\" ]\nthen\n    require \"graphics\"\nfi\n\n                ";
		};
/* End PBXShellScriptBuildPhase section */

/* Begin PBXSourcesBuildPhase section */
		246602721F8D5A68004D7021 /* Sources */ = {
			isa = PBXSourcesBuildPhase;
			buildActionMask = 2147483647;
			files = (
				246602941F8D5D5D004D7021 /* Player.cpp in Sources */,
				246602911F8D5D48004D7021 /* GameEngine.cpp in Sources */,
				2466029A1F8D5DA5004D7021 /* Spike.cpp in Sources */,
				246602971F8D5D6B004D7021 /* Enemy.cpp in Sources */,
				246602801F8D5A68004D7021 /* main.cpp in Sources */,
				2466029D1F8D5DE8004D7021 /* Charm.cpp in Sources */,
				246602A11F8D5E23004D7021 /* Menu.cpp in Sources */,
				2466027D1F8D5A68004D7021 /* ResourcePath.mm in Sources */,
			);
			runOnlyForDeploymentPostprocessing = 0;
		};
/* End PBXSourcesBuildPhase section */

/* Begin XCBuildConfiguration section */
		2466028A1F8D5A68004D7021 /* Debug */ = {
			isa = XCBuildConfiguration;
			buildSettings = {
				ARCHS = (
					i386,
					x86_64,
				);
				CLANG_CXX_LANGUAGE_STANDARD = "c++0x";
				CLANG_CXX_LIBRARY = "libc++";
				FRAMEWORK_SEARCH_PATHS = (
					/Library/Frameworks/,
					"$(inherited)",
				);
				GCC_VERSION = com.apple.compilers.llvm.clang.1_0;
				HEADER_SEARCH_PATHS = (
					/usr/local/include/,
					"$(inherited)",
				);
				LIBRARY_SEARCH_PATHS = (
					/usr/local/lib/,
					"$(inherited)",
				);
				MACOSX_DEPLOYMENT_TARGET = 10.7;
				OTHER_LDFLAGS = (
					"$(inherited)",
					"$(SFML_SYSTEM)",
					"$(SFML_WINDOW)",
					"$(SFML_GRAPHICS)",
					"$(SFML_AUDIO)",
					"$(SFML_NETWORK)",
				);
				SFML_AUDIO = "";
				SFML_BINARY_TYPE = FRAMEWORKS;
				SFML_GRAPHICS = "$(SFML_LINK_PREFIX) sfml-graphics$(SFML_LINK_SUFFIX)";
				SFML_LINK_DYLIBS_PREFIX = "-l";
				SFML_LINK_DYLIBS_SUFFIX = "";
				SFML_LINK_FRAMEWORKS_PREFIX = "-framework";
				SFML_LINK_FRAMEWORKS_SUFFIX = "";
				SFML_LINK_PREFIX = "$(SFML_LINK_$(SFML_BINARY_TYPE)_PREFIX)";
				SFML_LINK_SUFFIX = "$(SFML_LINK_$(SFML_BINARY_TYPE)_SUFFIX)";
				SFML_NETWORK = "";
				SFML_SYSTEM = "$(SFML_LINK_PREFIX) sfml-system$(SFML_LINK_SUFFIX)";
				SFML_WINDOW = "$(SFML_LINK_PREFIX) sfml-window$(SFML_LINK_SUFFIX)";
				SUPPORTED_PLATFORMS = macosx;
			};
			name = Debug;
		};
		2466028B1F8D5A68004D7021 /* Release */ = {
			isa = XCBuildConfiguration;
			buildSettings = {
				ARCHS = (
					i386,
					x86_64,
				);
				CLANG_CXX_LANGUAGE_STANDARD = "c++0x";
				CLANG_CXX_LIBRARY = "libc++";
				FRAMEWORK_SEARCH_PATHS = (
					/Library/Frameworks/,
					"$(inherited)",
				);
				GCC_VERSION = com.apple.compilers.llvm.clang.1_0;
				HEADER_SEARCH_PATHS = (
					/usr/local/include/,
					"$(inherited)",
				);
				LIBRARY_SEARCH_PATHS = (
					/usr/local/lib/,
					"$(inherited)",
				);
				MACOSX_DEPLOYMENT_TARGET = 10.7;
				OTHER_LDFLAGS = (
					"$(inherited)",
					"$(SFML_SYSTEM)",
					"$(SFML_WINDOW)",
					"$(SFML_GRAPHICS)",
					"$(SFML_AUDIO)",
					"$(SFML_NETWORK)",
				);
				SFML_AUDIO = "";
				SFML_BINARY_TYPE = FRAMEWORKS;
				SFML_GRAPHICS = "$(SFML_LINK_PREFIX) sfml-graphics$(SFML_LINK_SUFFIX)";
				SFML_LINK_DYLIBS_PREFIX = "-l";
				SFML_LINK_DYLIBS_SUFFIX = "";
				SFML_LINK_FRAMEWORKS_PREFIX = "-framework";
				SFML_LINK_FRAMEWORKS_SUFFIX = "";
				SFML_LINK_PREFIX = "$(SFML_LINK_$(SFML_BINARY_TYPE)_PREFIX)";
				SFML_LINK_SUFFIX = "$(SFML_LINK_$(SFML_BINARY_TYPE)_SUFFIX)";
				SFML_NETWORK = "";
				SFML_SYSTEM = "$(SFML_LINK_PREFIX) sfml-system$(SFML_LINK_SUFFIX)";
				SFML_WINDOW = "$(SFML_LINK_PREFIX) sfml-window$(SFML_LINK_SUFFIX)";
				SUPPORTED_PLATFORMS = macosx;
			};
			name = Release;
		};
		2466028D1F8D5A68004D7021 /* Debug */ = {
			isa = XCBuildConfiguration;
			buildSettings = {
				INFOPLIST_FILE = "Charm-them-all/Charm-them-all-Info.plist";
				LD_RUNPATH_SEARCH_PATHS = "@loader_path/../Frameworks";
				PRODUCT_NAME = "$(TARGET_NAME)";
			};
			name = Debug;
		};
		2466028E1F8D5A68004D7021 /* Release */ = {
			isa = XCBuildConfiguration;
			buildSettings = {
				INFOPLIST_FILE = "Charm-them-all/Charm-them-all-Info.plist";
				LD_RUNPATH_SEARCH_PATHS = "@loader_path/../Frameworks";
				PRODUCT_NAME = "$(TARGET_NAME)";
			};
			name = Release;
		};
/* End XCBuildConfiguration section */

/* Begin XCConfigurationList section */
		246602711F8D5A68004D7021 /* Build configuration list for PBXProject "Charm-them-all" */ = {
			isa = XCConfigurationList;
			buildConfigurations = (
				2466028A1F8D5A68004D7021 /* Debug */,
				2466028B1F8D5A68004D7021 /* Release */,
			);
			defaultConfigurationIsVisible = 0;
			defaultConfigurationName = Release;
		};
		2466028C1F8D5A68004D7021 /* Build configuration list for PBXNativeTarget "Charm-them-all" */ = {
			isa = XCConfigurationList;
			buildConfigurations = (
				2466028D1F8D5A68004D7021 /* Debug */,
				2466028E1F8D5A68004D7021 /* Release */,
			);
			defaultConfigurationIsVisible = 0;
		};
/* End XCConfigurationList section */
	};
	rootObject = 2466026E1F8D5A68004D7021 /* Project object */;
}
